PODS:
  - Cuckoo (1.3.2):
    - Cuckoo/Swift (= 1.3.2)
  - Cuckoo/Swift (1.3.2)
  - Fakery (4.1.1)
  - OHHTTPStubs (9.0.0):
    - OHHTTPStubs/Default (= 9.0.0)
  - OHHTTPStubs/Core (9.0.0)
  - OHHTTPStubs/Default (9.0.0):
    - OHHTTPStubs/Core
    - OHHTTPStubs/JSON
    - OHHTTPStubs/NSURLSession
    - OHHTTPStubs/OHPathHelpers
  - OHHTTPStubs/JSON (9.0.0):
    - OHHTTPStubs/Core
  - OHHTTPStubs/NSURLSession (9.0.0):
    - OHHTTPStubs/Core
  - OHHTTPStubs/OHPathHelpers (9.0.0)
  - OHHTTPStubs/Swift (9.0.0):
    - OHHTTPStubs/Default
  - Swinject (2.7.1)

DEPENDENCIES:
  - Cuckoo
  - Fakery
  - OHHTTPStubs
  - OHHTTPStubs/Swift
  - Swinject

SPEC REPOS:
  trunk:
    - Cuckoo
    - Fakery
    - OHHTTPStubs
    - Swinject

SPEC CHECKSUMS:
  Cuckoo: 57f71c6616b6b08cd9fe27f803da056fb619ff3e
  Fakery: d3380c4aa1efe7631c0831d7e26aa9db4491f014
  OHHTTPStubs: cb29d2a9d09a828ecb93349a2b0c64f99e0db89f
  Swinject: ddf78b8486dd9b71a667b852cad919ab4484478e

PODFILE CHECKSUM: 075e300aa6b6aa1d00e79fba35dbc6b9c0a4f739

COCOAPODS: 1.9.3
